
Microsoft Visual Studio Solution File, Format Version 9.00
# Visual Studio 2005
Project("{8BC9CEB8-8B4A-11D0-8D11-00A0C91BC942}") = "BioStreamDB", "BioStreamDB\BioStreamDB.vcproj", "{E7B49B43-88EA-4D0C-92FE-95664906F7A1}"
EndProject
Project("{8BC9CEB8-8B4A-11D0-8D11-00A0C91BC942}") = "BioStreamMg", "BioStreamMg\BioStreamMg.vcproj", "{D26DC853-A22B-4C5B-810F-F76D1247FA93}"
	ProjectSection(ProjectDependencies) = postProject
		{E7B49B43-88EA-4D0C-92FE-95664906F7A1} = {E7B49B43-88EA-4D0C-92FE-95664906F7A1}
	EndProjectSection
EndProject
Project("{8BC9CEB8-8B4A-11D0-8D11-00A0C91BC942}") = "MgCS2", "MgCS2\MgCS2.vcproj", "{55803607-5880-4CA7-923C-B89B7D21EC4B}"
EndProject
Project("{2150E333-8FDC-42A3-9474-1A3956D46DE8}") = "doc", "doc", "{F1E95641-9139-4477-989B-FDC107FEEBD8}"
	ProjectSection(SolutionItems) = preProject
		ReadMe.txt = ReadMe.txt
	EndProjectSection
EndProject
Project("{94D665CA-D915-4DE1-AA53-913450A1AE2D}") = "BioStreamFS", "BioStreamFS\BioStreamFS.fsharpp", "{AA78FA7E-8AD6-45C6-A864-80831A418942}"
EndProject
Global
	GlobalSection(SolutionConfigurationPlatforms) = preSolution
		Debug|Any CPU = Debug|Any CPU
		Debug|Mixed Platforms = Debug|Mixed Platforms
		Debug|Win32 = Debug|Win32
		Release|Any CPU = Release|Any CPU
		Release|Mixed Platforms = Release|Mixed Platforms
		Release|Win32 = Release|Win32
	EndGlobalSection
	GlobalSection(ProjectConfigurationPlatforms) = postSolution
		{E7B49B43-88EA-4D0C-92FE-95664906F7A1}.Debug|Any CPU.ActiveCfg = Debug|Win32
		{E7B49B43-88EA-4D0C-92FE-95664906F7A1}.Debug|Mixed Platforms.ActiveCfg = Debug|Win32
		{E7B49B43-88EA-4D0C-92FE-95664906F7A1}.Debug|Mixed Platforms.Build.0 = Debug|Win32
		{E7B49B43-88EA-4D0C-92FE-95664906F7A1}.Debug|Win32.ActiveCfg = Debug|Win32
		{E7B49B43-88EA-4D0C-92FE-95664906F7A1}.Debug|Win32.Build.0 = Debug|Win32
		{E7B49B43-88EA-4D0C-92FE-95664906F7A1}.Release|Any CPU.ActiveCfg = Release|Win32
		{E7B49B43-88EA-4D0C-92FE-95664906F7A1}.Release|Mixed Platforms.ActiveCfg = Release|Win32
		{E7B49B43-88EA-4D0C-92FE-95664906F7A1}.Release|Mixed Platforms.Build.0 = Release|Win32
		{E7B49B43-88EA-4D0C-92FE-95664906F7A1}.Release|Win32.ActiveCfg = Release|Win32
		{E7B49B43-88EA-4D0C-92FE-95664906F7A1}.Release|Win32.Build.0 = Release|Win32
		{D26DC853-A22B-4C5B-810F-F76D1247FA93}.Debug|Any CPU.ActiveCfg = Debug|Win32
		{D26DC853-A22B-4C5B-810F-F76D1247FA93}.Debug|Mixed Platforms.ActiveCfg = Debug|Win32
		{D26DC853-A22B-4C5B-810F-F76D1247FA93}.Debug|Mixed Platforms.Build.0 = Debug|Win32
		{D26DC853-A22B-4C5B-810F-F76D1247FA93}.Debug|Win32.ActiveCfg = Debug|Win32
		{D26DC853-A22B-4C5B-810F-F76D1247FA93}.Debug|Win32.Build.0 = Debug|Win32
		{D26DC853-A22B-4C5B-810F-F76D1247FA93}.Release|Any CPU.ActiveCfg = Release|Win32
		{D26DC853-A22B-4C5B-810F-F76D1247FA93}.Release|Mixed Platforms.ActiveCfg = Release|Win32
		{D26DC853-A22B-4C5B-810F-F76D1247FA93}.Release|Mixed Platforms.Build.0 = Release|Win32
		{D26DC853-A22B-4C5B-810F-F76D1247FA93}.Release|Win32.ActiveCfg = Release|Win32
		{D26DC853-A22B-4C5B-810F-F76D1247FA93}.Release|Win32.Build.0 = Release|Win32
		{55803607-5880-4CA7-923C-B89B7D21EC4B}.Debug|Any CPU.ActiveCfg = Debug|Win32
		{55803607-5880-4CA7-923C-B89B7D21EC4B}.Debug|Mixed Platforms.ActiveCfg = Debug|Win32
		{55803607-5880-4CA7-923C-B89B7D21EC4B}.Debug|Mixed Platforms.Build.0 = Debug|Win32
		{55803607-5880-4CA7-923C-B89B7D21EC4B}.Debug|Win32.ActiveCfg = Debug|Win32
		{55803607-5880-4CA7-923C-B89B7D21EC4B}.Debug|Win32.Build.0 = Debug|Win32
		{55803607-5880-4CA7-923C-B89B7D21EC4B}.Release|Any CPU.ActiveCfg = Release|Win32
		{55803607-5880-4CA7-923C-B89B7D21EC4B}.Release|Mixed Platforms.ActiveCfg = Release|Win32
		{55803607-5880-4CA7-923C-B89B7D21EC4B}.Release|Mixed Platforms.Build.0 = Release|Win32
		{55803607-5880-4CA7-923C-B89B7D21EC4B}.Release|Win32.ActiveCfg = Release|Win32
		{55803607-5880-4CA7-923C-B89B7D21EC4B}.Release|Win32.Build.0 = Release|Win32
		{AA78FA7E-8AD6-45C6-A864-80831A418942}.Debug|Any CPU.ActiveCfg = Debug|Win32
		{AA78FA7E-8AD6-45C6-A864-80831A418942}.Debug|Mixed Platforms.ActiveCfg = Debug|Win32
		{AA78FA7E-8AD6-45C6-A864-80831A418942}.Debug|Mixed Platforms.Build.0 = Debug|Win32
		{AA78FA7E-8AD6-45C6-A864-80831A418942}.Debug|Win32.ActiveCfg = Debug|Win32
		{AA78FA7E-8AD6-45C6-A864-80831A418942}.Debug|Win32.Build.0 = Debug|Win32
		{AA78FA7E-8AD6-45C6-A864-80831A418942}.Release|Any CPU.ActiveCfg = Release|Win32
		{AA78FA7E-8AD6-45C6-A864-80831A418942}.Release|Mixed Platforms.ActiveCfg = Release|Win32
		{AA78FA7E-8AD6-45C6-A864-80831A418942}.Release|Mixed Platforms.Build.0 = Release|Win32
		{AA78FA7E-8AD6-45C6-A864-80831A418942}.Release|Win32.ActiveCfg = Release|Win32
		{AA78FA7E-8AD6-45C6-A864-80831A418942}.Release|Win32.Build.0 = Release|Win32
	EndGlobalSection
	GlobalSection(SolutionProperties) = preSolution
		HideSolutionNode = FALSE
	EndGlobalSection
EndGlobal
